
Microsoft Visual Studio Solution File, Format Version 12.00
# Visual Studio Version 17
VisualStudioVersion = 17.9.34622.214
MinimumVisualStudioVersion = 10.0.40219.1
Project("{9A19103F-16F7-4668-BE54-9A1E7A4F7556}") = "WebApi", "WebApi\WebApi.csproj", "{ABEE423C-8719-4DC9-AB81-9599EC5FABF6}"
EndProject
Project("{FAE04EC0-301F-11D3-BF4B-00C04F79EFBC}") = "WebApp", "WebApp\WebApp.csproj", "{D19B9CFB-3E0C-40FA-BA32-0619A34A75A9}"
EndProject
Project("{FAE04EC0-301F-11D3-BF4B-00C04F79EFBC}") = "GrillPizzeriaBL", "GrillPizzeriaBL\GrillPizzeriaBL.csproj", "{BFBBDD64-71FF-47D8-B338-0C5ADC55A47F}"
EndProject
Global
	GlobalSection(SolutionConfigurationPlatforms) = preSolution
		Debug|Any CPU = Debug|Any CPU
		Release|Any CPU = Release|Any CPU
	EndGlobalSection
	GlobalSection(ProjectConfigurationPlatforms) = postSolution
		{ABEE423C-8719-4DC9-AB81-9599EC5FABF6}.Debug|Any CPU.ActiveCfg = Debug|Any CPU
		{ABEE423C-8719-4DC9-AB81-9599EC5FABF6}.Debug|Any CPU.Build.0 = Debug|Any CPU
		{ABEE423C-8719-4DC9-AB81-9599EC5FABF6}.Release|Any CPU.ActiveCfg = Release|Any CPU
		{ABEE423C-8719-4DC9-AB81-9599EC5FABF6}.Release|Any CPU.Build.0 = Release|Any CPU
		{D19B9CFB-3E0C-40FA-BA32-0619A34A75A9}.Debug|Any CPU.ActiveCfg = Debug|Any CPU
		{D19B9CFB-3E0C-40FA-BA32-0619A34A75A9}.Debug|Any CPU.Build.0 = Debug|Any CPU
		{D19B9CFB-3E0C-40FA-BA32-0619A34A75A9}.Release|Any CPU.ActiveCfg = Release|Any CPU
		{D19B9CFB-3E0C-40FA-BA32-0619A34A75A9}.Release|Any CPU.Build.0 = Release|Any CPU
		{BFBBDD64-71FF-47D8-B338-0C5ADC55A47F}.Debug|Any CPU.ActiveCfg = Debug|Any CPU
		{BFBBDD64-71FF-47D8-B338-0C5ADC55A47F}.Debug|Any CPU.Build.0 = Debug|Any CPU
		{BFBBDD64-71FF-47D8-B338-0C5ADC55A47F}.Release|Any CPU.ActiveCfg = Release|Any CPU
		{BFBBDD64-71FF-47D8-B338-0C5ADC55A47F}.Release|Any CPU.Build.0 = Release|Any CPU
	EndGlobalSection
	GlobalSection(SolutionProperties) = preSolution
		HideSolutionNode = FALSE
	EndGlobalSection
	GlobalSection(ExtensibilityGlobals) = postSolution
		SolutionGuid = {F49F14EF-B8B3-4D1E-9A01-4758A96639CC}
	EndGlobalSection
EndGlobal
